
Microsoft Visual Studio Solution File, Format Version 12.00
# Visual Studio Version 17
VisualStudioVersion = 17.4.33122.133
MinimumVisualStudioVersion = 10.0.40219.1
Project("{FAE04EC0-301F-11D3-BF4B-00C04F79EFBC}") = "idweb2022", "idweb2022\idweb2022.csproj", "{A908EB96-7412-4953-BA02-CEB1C4288505}"
EndProject
Global
	GlobalSection(SolutionConfigurationPlatforms) = preSolution
		Debug|Any CPU = Debug|Any CPU
		Release|Any CPU = Release|Any CPU
	EndGlobalSection
	GlobalSection(ProjectConfigurationPlatforms) = postSolution
		{A908EB96-7412-4953-BA02-CEB1C4288505}.Debug|Any CPU.ActiveCfg = Debug|Any CPU
		{A908EB96-7412-4953-BA02-CEB1C4288505}.Debug|Any CPU.Build.0 = Debug|Any CPU
		{A908EB96-7412-4953-BA02-CEB1C4288505}.Release|Any CPU.ActiveCfg = Release|Any CPU
		{A908EB96-7412-4953-BA02-CEB1C4288505}.Release|Any CPU.Build.0 = Release|Any CPU
	EndGlobalSection
	GlobalSection(SolutionProperties) = preSolution
		HideSolutionNode = FALSE
	EndGlobalSection
	GlobalSection(ExtensibilityGlobals) = postSolution
		SolutionGuid = {A30BC525-BD91-4D17-8BA6-7484B3EEF053}
	EndGlobalSection
EndGlobal
